
Microsoft Visual Studio Solution File, Format Version 12.00
# Visual Studio Version 17
VisualStudioVersion = 17.5.33516.290
MinimumVisualStudioVersion = 10.0.40219.1
Project("{FAE04EC0-301F-11D3-BF4B-00C04F79EFBC}") = "ClassMethods", "ClassMethods\ClassMethods.csproj", "{24650570-B3B2-434D-80E6-632BD972BCC4}"
EndProject
Global
	GlobalSection(SolutionConfigurationPlatforms) = preSolution
		Debug|Any CPU = Debug|Any CPU
		Release|Any CPU = Release|Any CPU
	EndGlobalSection
	GlobalSection(ProjectConfigurationPlatforms) = postSolution
		{24650570-B3B2-434D-80E6-632BD972BCC4}.Debug|Any CPU.ActiveCfg = Debug|Any CPU
		{24650570-B3B2-434D-80E6-632BD972BCC4}.Debug|Any CPU.Build.0 = Debug|Any CPU
		{24650570-B3B2-434D-80E6-632BD972BCC4}.Release|Any CPU.ActiveCfg = Release|Any CPU
		{24650570-B3B2-434D-80E6-632BD972BCC4}.Release|Any CPU.Build.0 = Release|Any CPU
	EndGlobalSection
	GlobalSection(SolutionProperties) = preSolution
		HideSolutionNode = FALSE
	EndGlobalSection
	GlobalSection(ExtensibilityGlobals) = postSolution
		SolutionGuid = {ED8D91A9-374F-4162-8904-95E38A58A898}
	EndGlobalSection
EndGlobal
